<Solution>
  <Project Path="Unity.InputSystem.csproj" />
  <Project Path="Unity.Services.Core.Internal.csproj" />
  <Project Path="Unity.Services.Authentication.PlayerAccounts.csproj" />
  <Project Path="LeTai.TrueShadow.csproj" />
  <Project Path="NaughtyAttributes.Test.csproj" />
  <Project Path="NaughtyAttributes.Core.csproj" />
  <Project Path="Unity.PerformanceTesting.Editor.csproj" />
  <Project Path="Unity.Searcher.Editor.csproj" />
  <Project Path="Unity.Burst.csproj" />
  <Project Path="Unity.Services.Core.Environments.Editor.csproj" />
  <Project Path="Unity.VisualStudio.Editor.csproj" />
  <Project Path="Unity.Services.Authentication.csproj" />
  <Project Path="Unity.Services.Authentication.Editor.csproj" />
  <Project Path="Assembly-CSharp.csproj" />
  <Project Path="LeTai.TrueShadow.Editor.csproj" />
  <Project Path="Firebase.App.Internal.csproj" />
  <Project Path="NaughtyAttributes.Editor.csproj" />
  <Project Path="Unity.Services.Core.Configuration.csproj" />
  <Project Path="Unity.Services.Core.Editor.csproj" />
  <Project Path="Unity.Burst.CodeGen.csproj" />
  <Project Path="Unity.Services.Core.Configuration.Editor.csproj" />
  <Project Path="Unity.PerformanceTesting.csproj" />
  <Project Path="Unity.Services.Core.csproj" />
  <Project Path="Unity.Mobile.AndroidLogcat.Editor.csproj" />
  <Project Path="Google.Play.AppUpdate.csproj" />
  <Project Path="Unity.Burst.Editor.csproj" />
  <Project Path="Google.Play.Common.csproj" />
  <Project Path="LeTai.TrueShadow.Demo.csproj" />
  <Project Path="Assembly-CSharp-firstpass.csproj" />
  <Project Path="Unity.Services.Authentication.PlayerAccounts.Editor.csproj" />
  <Project Path="Unity.InputSystem.DocCodeSamples.csproj" />
  <Project Path="Unity.Services.Core.Analytics.csproj" />
  <Project Path="Google.Play.Core.csproj" />
  <Project Path="Unity.Services.Core.Environments.Internal.csproj" />
  <Project Path="Unity.InputSystem.ForUI.csproj" />
  <Project Path="Unity.Services.Core.Networking.csproj" />
  <Project Path="Unity.Services.Core.Scheduler.csproj" />
  <Project Path="Unity.Services.Core.Telemetry.csproj" />
  <Project Path="Unity.Services.Core.Components.csproj" />
  <Project Path="Assembly-CSharp-Editor.csproj" />
  <Project Path="Unity.Services.Core.Threading.csproj" />
  <Project Path="Unity.InputSystem.TestFramework.csproj" />
  <Project Path="Unity.Services.Core.Device.csproj" />
  <Project Path="Unity.Services.Core.Registration.csproj" />
  <Project Path="Unity.Services.Core.Environments.csproj" />
</Solution>
